
Microsoft Visual Studio Solution File, Format Version 12.00
# Visual Studio Version 17
VisualStudioVersion = 17.0.31903.59
MinimumVisualStudioVersion = 10.0.40219.1
Project("{2150E333-8FDC-42A3-9474-1A3956D46DE8}") = "src", "src", "{ABDAD4D1-BDE2-4D88-BF09-5CBBBC07DA2E}"
EndProject
Project("{FAE04EC0-301F-11D3-BF4B-00C04F79EFBC}") = "Integral.Core", "src\Integral.Core\Integral.Core.csproj", "{C5EA81ED-2F55-407E-A50A-2D1912208D7B}"
EndProject
Project("{FAE04EC0-301F-11D3-BF4B-00C04F79EFBC}") = "Integral.Cli", "src\Integral.Cli\Integral.Cli.csproj", "{B7E00FAF-EF7B-48CF-9650-9887F35E5493}"
EndProject
Project("{2150E333-8FDC-42A3-9474-1A3956D46DE8}") = "tests", "tests", "{11E6DB55-FD20-44D1-8465-56A40471288A}"
EndProject
Project("{FAE04EC0-301F-11D3-BF4B-00C04F79EFBC}") = "Integral.Tests", "tests\Integral.Tests\Integral.Tests.csproj", "{CAF4826A-416C-47DB-8073-0776551E029F}"
EndProject
Global
	GlobalSection(SolutionConfigurationPlatforms) = preSolution
		Debug|Any CPU = Debug|Any CPU
		Release|Any CPU = Release|Any CPU
	EndGlobalSection
	GlobalSection(SolutionProperties) = preSolution
		HideSolutionNode = FALSE
	EndGlobalSection
	GlobalSection(ProjectConfigurationPlatforms) = postSolution
		{C5EA81ED-2F55-407E-A50A-2D1912208D7B}.Debug|Any CPU.ActiveCfg = Debug|Any CPU
		{C5EA81ED-2F55-407E-A50A-2D1912208D7B}.Debug|Any CPU.Build.0 = Debug|Any CPU
		{C5EA81ED-2F55-407E-A50A-2D1912208D7B}.Release|Any CPU.ActiveCfg = Release|Any CPU
		{C5EA81ED-2F55-407E-A50A-2D1912208D7B}.Release|Any CPU.Build.0 = Release|Any CPU
		{B7E00FAF-EF7B-48CF-9650-9887F35E5493}.Debug|Any CPU.ActiveCfg = Debug|Any CPU
		{B7E00FAF-EF7B-48CF-9650-9887F35E5493}.Debug|Any CPU.Build.0 = Debug|Any CPU
		{B7E00FAF-EF7B-48CF-9650-9887F35E5493}.Release|Any CPU.ActiveCfg = Release|Any CPU
		{B7E00FAF-EF7B-48CF-9650-9887F35E5493}.Release|Any CPU.Build.0 = Release|Any CPU
		{CAF4826A-416C-47DB-8073-0776551E029F}.Debug|Any CPU.ActiveCfg = Debug|Any CPU
		{CAF4826A-416C-47DB-8073-0776551E029F}.Debug|Any CPU.Build.0 = Debug|Any CPU
		{CAF4826A-416C-47DB-8073-0776551E029F}.Release|Any CPU.ActiveCfg = Release|Any CPU
		{CAF4826A-416C-47DB-8073-0776551E029F}.Release|Any CPU.Build.0 = Release|Any CPU
	EndGlobalSection
	GlobalSection(NestedProjects) = preSolution
		{C5EA81ED-2F55-407E-A50A-2D1912208D7B} = {ABDAD4D1-BDE2-4D88-BF09-5CBBBC07DA2E}
		{B7E00FAF-EF7B-48CF-9650-9887F35E5493} = {ABDAD4D1-BDE2-4D88-BF09-5CBBBC07DA2E}
		{CAF4826A-416C-47DB-8073-0776551E029F} = {11E6DB55-FD20-44D1-8465-56A40471288A}
	EndGlobalSection
EndGlobal
